// !$*UTF8*$!
{
	archiveVersion = 1;
	classes = {
	};
	objectVersion = 77;
	objects = {

/* Begin PBXContainerItemProxy section */
		AA4AAC1D2CF77FA70033A729 /* PBXContainerItemProxy */ = {
			isa = PBXContainerItemProxy;
			containerPortal = AA4AAC042CF77FA50033A729 /* Project object */;
			proxyType = 1;
			remoteGlobalIDString = AA4AAC0B2CF77FA50033A729;
			remoteInfo = "Esy Kitchen";
		};
		AA4AAC272CF77FA70033A729 /* PBXContainerItemProxy */ = {
			isa = PBXContainerItemProxy;
			containerPortal = AA4AAC042CF77FA50033A729 /* Project object */;
			proxyType = 1;
			remoteGlobalIDString = AA4AAC0B2CF77FA50033A729;
			remoteInfo = "Esy Kitchen";
		};
/* End PBXContainerItemProxy section */

/* Begin PBXFileReference section */
		AA4AAC0C2CF77FA50033A729 /* Esy Kitchen.app */ = {isa = PBXFileReference; explicitFileType = wrapper.application; includeInIndex = 0; path = "Esy Kitchen.app"; sourceTree = BUILT_PRODUCTS_DIR; };
		AA4AAC1C2CF77FA70033A729 /* Esy KitchenTests.xctest */ = {isa = PBXFileReference; explicitFileType = wrapper.cfbundle; includeInIndex = 0; path = "Esy KitchenTests.xctest"; sourceTree = BUILT_PRODUCTS_DIR; };
		AA4AAC262CF77FA70033A729 /* Esy KitchenUITests.xctest */ = {isa = PBXFileReference; explicitFileType = wrapper.cfbundle; includeInIndex = 0; path = "Esy KitchenUITests.xctest"; sourceTree = BUILT_PRODUCTS_DIR; };
/* End PBXFileReference section */

/* Begin PBXFileSystemSynchronizedRootGroup section */
		AA4AAC0E2CF77FA50033A729 /* Esy Kitchen */ = {
			isa = PBXFileSystemSynchronizedRootGroup;
			path = "Esy Kitchen";
			sourceTree = "<group>";
		};
		AA4AAC1F2CF77FA70033A729 /* Esy KitchenTests */ = {
			isa = PBXFileSystemSynchronizedRootGroup;
			path = "Esy KitchenTests";
			sourceTree = "<group>";
		};
		AA4AAC292CF77FA70033A729 /* Esy KitchenUITests */ = {
			isa = PBXFileSystemSynchronizedRootGroup;
			path = "Esy KitchenUITests";
			sourceTree = "<group>";
		};
/* End PBXFileSystemSynchronizedRootGroup section */

/* Begin PBXFrameworksBuildPhase section */
		AA4AAC092CF77FA50033A729 /* Frameworks */ = {
			isa = PBXFrameworksBuildPhase;
			buildActionMask = 2147483647;
			files = (
			);
			runOnlyForDeploymentPostprocessing = 0;
		};
		AA4AAC192CF77FA70033A729 /* Frameworks */ = {
			isa = PBXFrameworksBuildPhase;
			buildActionMask = 2147483647;
			files = (
			);
			runOnlyForDeploymentPostprocessing = 0;
		};
		AA4AAC232CF77FA70033A729 /* Frameworks */ = {
			isa = PBXFrameworksBuildPhase;
			buildActionMask = 2147483647;
			files = (
			);
			runOnlyForDeploymentPostprocessing = 0;
		};
/* End PBXFrameworksBuildPhase section */

/* Begin PBXGroup section */
		AA4AAC032CF77FA50033A729 = {
			isa = PBXGroup;
			children = (
				AA4AAC0E2CF77FA50033A729 /* Esy Kitchen */,
				AA4AAC1F2CF77FA70033A729 /* Esy KitchenTests */,
				AA4AAC292CF77FA70033A729 /* Esy KitchenUITests */,
				AA4AAC0D2CF77FA50033A729 /* Products */,
			);
			sourceTree = "<group>";
		};
		AA4AAC0D2CF77FA50033A729 /* Products */ = {
			isa = PBXGroup;
			children = (
				AA4AAC0C2CF77FA50033A729 /* Esy Kitchen.app */,
				AA4AAC1C2CF77FA70033A729 /* Esy KitchenTests.xctest */,
				AA4AAC262CF77FA70033A729 /* Esy KitchenUITests.xctest */,
			);
			name = Products;
			sourceTree = "<group>";
		};
/* End PBXGroup section */

/* Begin PBXNativeTarget section */
		AA4AAC0B2CF77FA50033A729 /* Esy Kitchen */ = {
			isa = PBXNativeTarget;
			buildConfigurationList = AA4AAC302CF77FA70033A729 /* Build configuration list for PBXNativeTarget "Esy Kitchen" */;
			buildPhases = (
				AA4AAC082CF77FA50033A729 /* Sources */,
				AA4AAC092CF77FA50033A729 /* Frameworks */,
				AA4AAC0A2CF77FA50033A729 /* Resources */,
			);
			buildRules = (
			);
			dependencies = (
			);
			fileSystemSynchronizedGroups = (
				AA4AAC0E2CF77FA50033A729 /* Esy Kitchen */,
			);
			name = "Esy Kitchen";
			packageProductDependencies = (
			);
			productName = "Esy Kitchen";
			productReference = AA4AAC0C2CF77FA50033A729 /* Esy Kitchen.app */;
			productType = "com.apple.product-type.application";
		};
		AA4AAC1B2CF77FA70033A729 /* Esy KitchenTests */ = {
			isa = PBXNativeTarget;
			buildConfigurationList = AA4AAC332CF77FA70033A729 /* Build configuration list for PBXNativeTarget "Esy KitchenTests" */;
			buildPhases = (
				AA4AAC182CF77FA70033A729 /* Sources */,
				AA4AAC192CF77FA70033A729 /* Frameworks */,
				AA4AAC1A2CF77FA70033A729 /* Resources */,
			);
			buildRules = (
			);
			dependencies = (
				AA4AAC1E2CF77FA70033A729 /* PBXTargetDependency */,
			);
			fileSystemSynchronizedGroups = (
				AA4AAC1F2CF77FA70033A729 /* Esy KitchenTests */,
			);
			name = "Esy KitchenTests";
			packageProductDependencies = (
			);
			productName = "Esy KitchenTests";
			productReference = AA4AAC1C2CF77FA70033A729 /* Esy KitchenTests.xctest */;
			productType = "com.apple.product-type.bundle.unit-test";
		};
		AA4AAC252CF77FA70033A729 /* Esy KitchenUITests */ = {
			isa = PBXNativeTarget;
			buildConfigurationList = AA4AAC362CF77FA70033A729 /* Build configuration list for PBXNativeTarget "Esy KitchenUITests" */;
			buildPhases = (
				AA4AAC222CF77FA70033A729 /* Sources */,
				AA4AAC232CF77FA70033A729 /* Frameworks */,
				AA4AAC242CF77FA70033A729 /* Resources */,
			);
			buildRules = (
			);
			dependencies = (
				AA4AAC282CF77FA70033A729 /* PBXTargetDependency */,
			);
			fileSystemSynchronizedGroups = (
				AA4AAC292CF77FA70033A729 /* Esy KitchenUITests */,
			);
			name = "Esy KitchenUITests";
			packageProductDependencies = (
			);
			productName = "Esy KitchenUITests";
			productReference = AA4AAC262CF77FA70033A729 /* Esy KitchenUITests.xctest */;
			productType = "com.apple.product-type.bundle.ui-testing";
		};
/* End PBXNativeTarget section */

/* Begin PBXProject section */
		AA4AAC042CF77FA50033A729 /* Project object */ = {
			isa = PBXProject;
			attributes = {
				BuildIndependentTargetsInParallel = 1;
				LastSwiftUpdateCheck = 1600;
				LastUpgradeCheck = 1600;
				TargetAttributes = {
					AA4AAC0B2CF77FA50033A729 = {
						CreatedOnToolsVersion = 16.0;
					};
					AA4AAC1B2CF77FA70033A729 = {
						CreatedOnToolsVersion = 16.0;
						TestTargetID = AA4AAC0B2CF77FA50033A729;
					};
					AA4AAC252CF77FA70033A729 = {
						CreatedOnToolsVersion = 16.0;
						TestTargetID = AA4AAC0B2CF77FA50033A729;
					};
				};
			};
			buildConfigurationList = AA4AAC072CF77FA50033A729 /* Build configuration list for PBXProject "Esy Kitchen" */;
			developmentRegion = en;
			hasScannedForEncodings = 0;
			knownRegions = (
				en,
				Base,
			);
			mainGroup = AA4AAC032CF77FA50033A729;
			minimizedProjectReferenceProxies = 1;
			preferredProjectObjectVersion = 77;
			productRefGroup = AA4AAC0D2CF77FA50033A729 /* Products */;
			projectDirPath = "";
			projectRoot = "";
			targets = (
				AA4AAC0B2CF77FA50033A729 /* Esy Kitchen */,
				AA4AAC1B2CF77FA70033A729 /* Esy KitchenTests */,
				AA4AAC252CF77FA70033A729 /* Esy KitchenUITests */,
			);
		};
/* End PBXProject section */

/* Begin PBXResourcesBuildPhase section */
		AA4AAC0A2CF77FA50033A729 /* Resources */ = {
			isa = PBXResourcesBuildPhase;
			buildActionMask = 2147483647;
			files = (
			);
			runOnlyForDeploymentPostprocessing = 0;
		};
		AA4AAC1A2CF77FA70033A729 /* Resources */ = {
			isa = PBXResourcesBuildPhase;
			buildActionMask = 2147483647;
			files = (
			);
			runOnlyForDeploymentPostprocessing = 0;
		};
		AA4AAC242CF77FA70033A729 /* Resources */ = {
			isa = PBXResourcesBuildPhase;
			buildActionMask = 2147483647;
			files = (
			);
			runOnlyForDeploymentPostprocessing = 0;
		};
/* End PBXResourcesBuildPhase section */

/* Begin PBXSourcesBuildPhase section */
		AA4AAC082CF77FA50033A729 /* Sources */ = {
			isa = PBXSourcesBuildPhase;
			buildActionMask = 2147483647;
			files = (
			);
			runOnlyForDeploymentPostprocessing = 0;
		};
		AA4AAC182CF77FA70033A729 /* Sources */ = {
			isa = PBXSourcesBuildPhase;
			buildActionMask = 2147483647;
			files = (
			);
			runOnlyForDeploymentPostprocessing = 0;
		};
		AA4AAC222CF77FA70033A729 /* Sources */ = {
			isa = PBXSourcesBuildPhase;
			buildActionMask = 2147483647;
			files = (
			);
			runOnlyForDeploymentPostprocessing = 0;
		};
/* End PBXSourcesBuildPhase section */

/* Begin PBXTargetDependency section */
		AA4AAC1E2CF77FA70033A729 /* PBXTargetDependency */ = {
			isa = PBXTargetDependency;
			target = AA4AAC0B2CF77FA50033A729 /* Esy Kitchen */;
			targetProxy = AA4AAC1D2CF77FA70033A729 /* PBXContainerItemProxy */;
		};
		AA4AAC282CF77FA70033A729 /* PBXTargetDependency */ = {
			isa = PBXTargetDependency;
			target = AA4AAC0B2CF77FA50033A729 /* Esy Kitchen */;
			targetProxy = AA4AAC272CF77FA70033A729 /* PBXContainerItemProxy */;
		};
/* End PBXTargetDependency section */

/* Begin XCBuildConfiguration section */
		AA4AAC2E2CF77FA70033A729 /* Debug */ = {
			isa = XCBuildConfiguration;
			buildSettings = {
				ALWAYS_SEARCH_USER_PATHS = NO;
				ASSETCATALOG_COMPILER_GENERATE_SWIFT_ASSET_SYMBOL_EXTENSIONS = YES;
				CLANG_ANALYZER_NONNULL = YES;
				CLANG_ANALYZER_NUMBER_OBJECT_CONVERSION = YES_AGGRESSIVE;
				CLANG_CXX_LANGUAGE_STANDARD = "gnu++20";
				CLANG_ENABLE_MODULES = YES;
				CLANG_ENABLE_OBJC_ARC = YES;
				CLANG_ENABLE_OBJC_WEAK = YES;
				CLANG_WARN_BLOCK_CAPTURE_AUTORELEASING = YES;
				CLANG_WARN_BOOL_CONVERSION = YES;
				CLANG_WARN_COMMA = YES;
				CLANG_WARN_CONSTANT_CONVERSION = YES;
				CLANG_WARN_DEPRECATED_OBJC_IMPLEMENTATIONS = YES;
				CLANG_WARN_DIRECT_OBJC_ISA_USAGE = YES_ERROR;
				CLANG_WARN_DOCUMENTATION_COMMENTS = YES;
				CLANG_WARN_EMPTY_BODY = YES;
				CLANG_WARN_ENUM_CONVERSION = YES;
				CLANG_WARN_INFINITE_RECURSION = YES;
				CLANG_WARN_INT_CONVERSION = YES;
				CLANG_WARN_NON_LITERAL_NULL_CONVERSION = YES;
				CLANG_WARN_OBJC_IMPLICIT_RETAIN_SELF = YES;
				CLANG_WARN_OBJC_LITERAL_CONVERSION = YES;
				CLANG_WARN_OBJC_ROOT_CLASS = YES_ERROR;
				CLANG_WARN_QUOTED_INCLUDE_IN_FRAMEWORK_HEADER = YES;
				CLANG_WARN_RANGE_LOOP_ANALYSIS = YES;
				CLANG_WARN_STRICT_PROTOTYPES = YES;
				CLANG_WARN_SUSPICIOUS_MOVE = YES;
				CLANG_WARN_UNGUARDED_AVAILABILITY = YES_AGGRESSIVE;
				CLANG_WARN_UNREACHABLE_CODE = YES;
				CLANG_WARN__DUPLICATE_METHOD_MATCH = YES;
				COPY_PHASE_STRIP = NO;
				DEBUG_INFORMATION_FORMAT = dwarf;
				ENABLE_STRICT_OBJC_MSGSEND = YES;
				ENABLE_TESTABILITY = YES;
				ENABLE_USER_SCRIPT_SANDBOXING = YES;
				GCC_C_LANGUAGE_STANDARD = gnu17;
				GCC_DYNAMIC_NO_PIC = NO;
				GCC_NO_COMMON_BLOCKS = YES;
				GCC_OPTIMIZATION_LEVEL = 0;
				GCC_PREPROCESSOR_DEFINITIONS = (
					"DEBUG=1",
					"$(inherited)",
				);
				GCC_WARN_64_TO_32_BIT_CONVERSION = YES;
				GCC_WARN_ABOUT_RETURN_TYPE = YES_ERROR;
				GCC_WARN_UNDECLARED_SELECTOR = YES;
				GCC_WARN_UNINITIALIZED_AUTOS = YES_AGGRESSIVE;
				GCC_WARN_UNUSED_FUNCTION = YES;
				GCC_WARN_UNUSED_VARIABLE = YES;
				IPHONEOS_DEPLOYMENT_TARGET = 18.0;
				LOCALIZATION_PREFERS_STRING_CATALOGS = YES;
				MTL_ENABLE_DEBUG_INFO = INCLUDE_SOURCE;
				MTL_FAST_MATH = YES;
				ONLY_ACTIVE_ARCH = YES;
				SDKROOT = iphoneos;
				SWIFT_ACTIVE_COMPILATION_CONDITIONS = "DEBUG $(inherited)";
				SWIFT_OPTIMIZATION_LEVEL = "-Onone";
			};
			name = Debug;
		};
		AA4AAC2F2CF77FA70033A729 /* Release */ = {
			isa = XCBuildConfiguration;
			buildSettings = {
				ALWAYS_SEARCH_USER_PATHS = NO;
				ASSETCATALOG_COMPILER_GENERATE_SWIFT_ASSET_SYMBOL_EXTENSIONS = YES;
				CLANG_ANALYZER_NONNULL = YES;
				CLANG_ANALYZER_NUMBER_OBJECT_CONVERSION = YES_AGGRESSIVE;
				CLANG_CXX_LANGUAGE_STANDARD = "gnu++20";
				CLANG_ENABLE_MODULES = YES;
				CLANG_ENABLE_OBJC_ARC = YES;
				CLANG_ENABLE_OBJC_WEAK = YES;
				CLANG_WARN_BLOCK_CAPTURE_AUTORELEASING = YES;
				CLANG_WARN_BOOL_CONVERSION = YES;
				CLANG_WARN_COMMA = YES;
				CLANG_WARN_CONSTANT_CONVERSION = YES;
				CLANG_WARN_DEPRECATED_OBJC_IMPLEMENTATIONS = YES;
				CLANG_WARN_DIRECT_OBJC_ISA_USAGE = YES_ERROR;
				CLANG_WARN_DOCUMENTATION_COMMENTS = YES;
				CLANG_WARN_EMPTY_BODY = YES;
				CLANG_WARN_ENUM_CONVERSION = YES;
				CLANG_WARN_INFINITE_RECURSION = YES;
				CLANG_WARN_INT_CONVERSION = YES;
				CLANG_WARN_NON_LITERAL_NULL_CONVERSION = YES;
				CLANG_WARN_OBJC_IMPLICIT_RETAIN_SELF = YES;
				CLANG_WARN_OBJC_LITERAL_CONVERSION = YES;
				CLANG_WARN_OBJC_ROOT_CLASS = YES_ERROR;
				CLANG_WARN_QUOTED_INCLUDE_IN_FRAMEWORK_HEADER = YES;
				CLANG_WARN_RANGE_LOOP_ANALYSIS = YES;
				CLANG_WARN_STRICT_PROTOTYPES = YES;
				CLANG_WARN_SUSPICIOUS_MOVE = YES;
				CLANG_WARN_UNGUARDED_AVAILABILITY = YES_AGGRESSIVE;
				CLANG_WARN_UNREACHABLE_CODE = YES;
				CLANG_WARN__DUPLICATE_METHOD_MATCH = YES;
				COPY_PHASE_STRIP = NO;
				DEBUG_INFORMATION_FORMAT = "dwarf-with-dsym";
				ENABLE_NS_ASSERTIONS = NO;
				ENABLE_STRICT_OBJC_MSGSEND = YES;
				ENABLE_USER_SCRIPT_SANDBOXING = YES;
				GCC_C_LANGUAGE_STANDARD = gnu17;
				GCC_NO_COMMON_BLOCKS = YES;
				GCC_WARN_64_TO_32_BIT_CONVERSION = YES;
				GCC_WARN_ABOUT_RETURN_TYPE = YES_ERROR;
				GCC_WARN_UNDECLARED_SELECTOR = YES;
				GCC_WARN_UNINITIALIZED_AUTOS = YES_AGGRESSIVE;
				GCC_WARN_UNUSED_FUNCTION = YES;
				GCC_WARN_UNUSED_VARIABLE = YES;
				IPHONEOS_DEPLOYMENT_TARGET = 18.0;
				LOCALIZATION_PREFERS_STRING_CATALOGS = YES;
				MTL_ENABLE_DEBUG_INFO = NO;
				MTL_FAST_MATH = YES;
				SDKROOT = iphoneos;
				SWIFT_COMPILATION_MODE = wholemodule;
				VALIDATE_PRODUCT = YES;
			};
			name = Release;
		};
		AA4AAC312CF77FA70033A729 /* Debug */ = {
			isa = XCBuildConfiguration;
			buildSettings = {
				ASSETCATALOG_COMPILER_APPICON_NAME = AppIcon;
				ASSETCATALOG_COMPILER_GLOBAL_ACCENT_COLOR_NAME = AccentColor;
				CODE_SIGN_STYLE = Automatic;
				CURRENT_PROJECT_VERSION = 1;
				DEVELOPMENT_ASSET_PATHS = "\"Esy Kitchen/Preview Content\"";
				DEVELOPMENT_TEAM = QWLJ2N93WL;
				ENABLE_PREVIEWS = YES;
				GENERATE_INFOPLIST_FILE = YES;
				INFOPLIST_KEY_UIApplicationSceneManifest_Generation = YES;
				INFOPLIST_KEY_UIApplicationSupportsIndirectInputEvents = YES;
				INFOPLIST_KEY_UILaunchScreen_Generation = YES;
				INFOPLIST_KEY_UISupportedInterfaceOrientations_iPad = "UIInterfaceOrientationPortrait UIInterfaceOrientationPortraitUpsideDown UIInterfaceOrientationLandscapeLeft UIInterfaceOrientationLandscapeRight";
				INFOPLIST_KEY_UISupportedInterfaceOrientations_iPhone = "UIInterfaceOrientationPortrait UIInterfaceOrientationLandscapeLeft UIInterfaceOrientationLandscapeRight";
				LD_RUNPATH_SEARCH_PATHS = (
					"$(inherited)",
					"@executable_path/Frameworks",
				);
				MARKETING_VERSION = 1.0;
				PRODUCT_BUNDLE_IDENTIFIER = "App-B.Esy-Kitchen";
				PRODUCT_NAME = "$(TARGET_NAME)";
				SWIFT_EMIT_LOC_STRINGS = YES;
				SWIFT_VERSION = 5.0;
				TARGETED_DEVICE_FAMILY = "1,2";
			};
			name = Debug;
		};
		AA4AAC322CF77FA70033A729 /* Release */ = {
			isa = XCBuildConfiguration;
			buildSettings = {
				ASSETCATALOG_COMPILER_APPICON_NAME = AppIcon;
				ASSETCATALOG_COMPILER_GLOBAL_ACCENT_COLOR_NAME = AccentColor;
				CODE_SIGN_STYLE = Automatic;
				CURRENT_PROJECT_VERSION = 1;
				DEVELOPMENT_ASSET_PATHS = "\"Esy Kitchen/Preview Content\"";
				DEVELOPMENT_TEAM = QWLJ2N93WL;
				ENABLE_PREVIEWS = YES;
				GENERATE_INFOPLIST_FILE = YES;
				INFOPLIST_KEY_UIApplicationSceneManifest_Generation = YES;
				INFOPLIST_KEY_UIApplicationSupportsIndirectInputEvents = YES;
				INFOPLIST_KEY_UILaunchScreen_Generation = YES;
				INFOPLIST_KEY_UISupportedInterfaceOrientations_iPad = "UIInterfaceOrientationPortrait UIInterfaceOrientationPortraitUpsideDown UIInterfaceOrientationLandscapeLeft UIInterfaceOrientationLandscapeRight";
				INFOPLIST_KEY_UISupportedInterfaceOrientations_iPhone = "UIInterfaceOrientationPortrait UIInterfaceOrientationLandscapeLeft UIInterfaceOrientationLandscapeRight";
				LD_RUNPATH_SEARCH_PATHS = (
					"$(inherited)",
					"@executable_path/Frameworks",
				);
				MARKETING_VERSION = 1.0;
				PRODUCT_BUNDLE_IDENTIFIER = "App-B.Esy-Kitchen";
				PRODUCT_NAME = "$(TARGET_NAME)";
				SWIFT_EMIT_LOC_STRINGS = YES;
				SWIFT_VERSION = 5.0;
				TARGETED_DEVICE_FAMILY = "1,2";
			};
			name = Release;
		};
		AA4AAC342CF77FA70033A729 /* Debug */ = {
			isa = XCBuildConfiguration;
			buildSettings = {
				BUNDLE_LOADER = "$(TEST_HOST)";
				CODE_SIGN_STYLE = Automatic;
				CURRENT_PROJECT_VERSION = 1;
				DEVELOPMENT_TEAM = QWLJ2N93WL;
				GENERATE_INFOPLIST_FILE = YES;
				IPHONEOS_DEPLOYMENT_TARGET = 18.0;
				MARKETING_VERSION = 1.0;
				PRODUCT_BUNDLE_IDENTIFIER = "App-B.Esy-KitchenTests";
				PRODUCT_NAME = "$(TARGET_NAME)";
				SWIFT_EMIT_LOC_STRINGS = NO;
				SWIFT_VERSION = 5.0;
				TARGETED_DEVICE_FAMILY = "1,2";
				TEST_HOST = "$(BUILT_PRODUCTS_DIR)/Esy Kitchen.app/$(BUNDLE_EXECUTABLE_FOLDER_PATH)/Esy Kitchen";
			};
			name = Debug;
		};
		AA4AAC352CF77FA70033A729 /* Release */ = {
			isa = XCBuildConfiguration;
			buildSettings = {
				BUNDLE_LOADER = "$(TEST_HOST)";
				CODE_SIGN_STYLE = Automatic;
				CURRENT_PROJECT_VERSION = 1;
				DEVELOPMENT_TEAM = QWLJ2N93WL;
				GENERATE_INFOPLIST_FILE = YES;
				IPHONEOS_DEPLOYMENT_TARGET = 18.0;
				MARKETING_VERSION = 1.0;
				PRODUCT_BUNDLE_IDENTIFIER = "App-B.Esy-KitchenTests";
				PRODUCT_NAME = "$(TARGET_NAME)";
				SWIFT_EMIT_LOC_STRINGS = NO;
				SWIFT_VERSION = 5.0;
				TARGETED_DEVICE_FAMILY = "1,2";
				TEST_HOST = "$(BUILT_PRODUCTS_DIR)/Esy Kitchen.app/$(BUNDLE_EXECUTABLE_FOLDER_PATH)/Esy Kitchen";
			};
			name = Release;
		};
		AA4AAC372CF77FA70033A729 /* Debug */ = {
			isa = XCBuildConfiguration;
			buildSettings = {
				CODE_SIGN_STYLE = Automatic;
				CURRENT_PROJECT_VERSION = 1;
				DEVELOPMENT_TEAM = QWLJ2N93WL;
				GENERATE_INFOPLIST_FILE = YES;
				MARKETING_VERSION = 1.0;
				PRODUCT_BUNDLE_IDENTIFIER = "App-B.Esy-KitchenUITests";
				PRODUCT_NAME = "$(TARGET_NAME)";
				SWIFT_EMIT_LOC_STRINGS = NO;
				SWIFT_VERSION = 5.0;
				TARGETED_DEVICE_FAMILY = "1,2";
				TEST_TARGET_NAME = "Esy Kitchen";
			};
			name = Debug;
		};
		AA4AAC382CF77FA70033A729 /* Release */ = {
			isa = XCBuildConfiguration;
			buildSettings = {
				CODE_SIGN_STYLE = Automatic;
				CURRENT_PROJECT_VERSION = 1;
				DEVELOPMENT_TEAM = QWLJ2N93WL;
				GENERATE_INFOPLIST_FILE = YES;
				MARKETING_VERSION = 1.0;
				PRODUCT_BUNDLE_IDENTIFIER = "App-B.Esy-KitchenUITests";
				PRODUCT_NAME = "$(TARGET_NAME)";
				SWIFT_EMIT_LOC_STRINGS = NO;
				SWIFT_VERSION = 5.0;
				TARGETED_DEVICE_FAMILY = "1,2";
				TEST_TARGET_NAME = "Esy Kitchen";
			};
			name = Release;
		};
/* End XCBuildConfiguration section */

/* Begin XCConfigurationList section */
		AA4AAC072CF77FA50033A729 /* Build configuration list for PBXProject "Esy Kitchen" */ = {
			isa = XCConfigurationList;
			buildConfigurations = (
				AA4AAC2E2CF77FA70033A729 /* Debug */,
				AA4AAC2F2CF77FA70033A729 /* Release */,
			);
			defaultConfigurationIsVisible = 0;
			defaultConfigurationName = Release;
		};
		AA4AAC302CF77FA70033A729 /* Build configuration list for PBXNativeTarget "Esy Kitchen" */ = {
			isa = XCConfigurationList;
			buildConfigurations = (
				AA4AAC312CF77FA70033A729 /* Debug */,
				AA4AAC322CF77FA70033A729 /* Release */,
			);
			defaultConfigurationIsVisible = 0;
			defaultConfigurationName = Release;
		};
		AA4AAC332CF77FA70033A729 /* Build configuration list for PBXNativeTarget "Esy KitchenTests" */ = {
			isa = XCConfigurationList;
			buildConfigurations = (
				AA4AAC342CF77FA70033A729 /* Debug */,
				AA4AAC352CF77FA70033A729 /* Release */,
			);
			defaultConfigurationIsVisible = 0;
			defaultConfigurationName = Release;
		};
		AA4AAC362CF77FA70033A729 /* Build configuration list for PBXNativeTarget "Esy KitchenUITests" */ = {
			isa = XCConfigurationList;
			buildConfigurations = (
				AA4AAC372CF77FA70033A729 /* Debug */,
				AA4AAC382CF77FA70033A729 /* Release */,
			);
			defaultConfigurationIsVisible = 0;
			defaultConfigurationName = Release;
		};
/* End XCConfigurationList section */
	};
	rootObject = AA4AAC042CF77FA50033A729 /* Project object */;
}
